
Microsoft Visual Studio Solution File, Format Version 12.00
# Visual Studio Version 17
Project("{8BC9CEB8-8B4A-11D0-8D11-00A0C91BC942}") = "LBFGS", "LBFGS\LBFGS.vcxproj", "{B3AA830D-1FBF-ABBE-E840-4F1E5414A8EF}"
EndProject
Project("{8BC9CEB8-8B4A-11D0-8D11-00A0C91BC942}") = "liblbfgs", "LBFGS\vendor\liblbfgs\liblbfgs.vcxproj", "{EA648FA6-D631-EAB1-FF4A-D859EB761F40}"
EndProject
Global
	GlobalSection(SolutionConfigurationPlatforms) = preSolution
		Debug|x64 = Debug|x64
		Dist|x64 = Dist|x64
		Release|x64 = Release|x64
	EndGlobalSection
	GlobalSection(ProjectConfigurationPlatforms) = postSolution
		{B3AA830D-1FBF-ABBE-E840-4F1E5414A8EF}.Debug|x64.ActiveCfg = Debug|x64
		{B3AA830D-1FBF-ABBE-E840-4F1E5414A8EF}.Debug|x64.Build.0 = Debug|x64
		{B3AA830D-1FBF-ABBE-E840-4F1E5414A8EF}.Dist|x64.ActiveCfg = Dist|x64
		{B3AA830D-1FBF-ABBE-E840-4F1E5414A8EF}.Dist|x64.Build.0 = Dist|x64
		{B3AA830D-1FBF-ABBE-E840-4F1E5414A8EF}.Release|x64.ActiveCfg = Release|x64
		{B3AA830D-1FBF-ABBE-E840-4F1E5414A8EF}.Release|x64.Build.0 = Release|x64
		{EA648FA6-D631-EAB1-FF4A-D859EB761F40}.Debug|x64.ActiveCfg = Debug|x64
		{EA648FA6-D631-EAB1-FF4A-D859EB761F40}.Debug|x64.Build.0 = Debug|x64
		{EA648FA6-D631-EAB1-FF4A-D859EB761F40}.Dist|x64.ActiveCfg = Dist|x64
		{EA648FA6-D631-EAB1-FF4A-D859EB761F40}.Dist|x64.Build.0 = Dist|x64
		{EA648FA6-D631-EAB1-FF4A-D859EB761F40}.Release|x64.ActiveCfg = Release|x64
		{EA648FA6-D631-EAB1-FF4A-D859EB761F40}.Release|x64.Build.0 = Release|x64
	EndGlobalSection
	GlobalSection(SolutionProperties) = preSolution
		HideSolutionNode = FALSE
	EndGlobalSection
EndGlobal
